# This file was autogenerated by Stack.
# You should not edit this file by hand.
# For more information, please see the documentation at:
#   https://docs.haskellstack.org/en/stable/lock_files

packages:
- completed:
    hackage: classy-prelude-yesod-1.5.0@sha256:8f7e183bdfd6d2ea9674284c4f285294ab086aff60d9be4e5d7d2f3c1a2b05b7,1330
    pantry-tree:
      size: 330
      sha256: ae84d4cc0e1daf985db6cdcf2ac92319531b8e60f547183cc46480d00aafbe20
  original:
    hackage: classy-prelude-yesod-1.5.0@sha256:8f7e183bdfd6d2ea9674284c4f285294ab086aff60d9be4e5d7d2f3c1a2b05b7,1330
- completed:
    hackage: wai-extra-3.0.32@sha256:7a9e65c4555e1b937dc788b8ba249dbacd4f36840c60581bc27115a5c4a48079,7044
    pantry-tree:
      size: 3631
      sha256: 443d6dcb9cc19df1693a7b56a8c18b664521e34c4701fea7aaf92e62fc943df4
  original:
    hackage: wai-extra-3.0.32@sha256:7a9e65c4555e1b937dc788b8ba249dbacd4f36840c60581bc27115a5c4a48079,7044
- completed:
    hackage: yesod-form-1.6.7@sha256:b216bb4eb0575d4fcc497b1d7f47edf25fc9035ab3ae8b77bf7fcbedc15dd2ea,3350
    pantry-tree:
      size: 1729
      sha256: 3bc8a1f140180b54b6cb77d72d8cb60c566777af8af3131f71ac29d4e3554ab4
  original:
    hackage: yesod-form-1.6.7@sha256:b216bb4eb0575d4fcc497b1d7f47edf25fc9035ab3ae8b77bf7fcbedc15dd2ea,3350
snapshots:
- completed:
    size: 590100
    url: https://raw.githubusercontent.com/commercialhaskell/stackage-snapshots/master/lts/18/28.yaml
    sha256: 428ec8d5ce932190d3cbe266b9eb3c175cd81e984babf876b64019e2cbe4ea68
  original:
    url: https://raw.githubusercontent.com/commercialhaskell/stackage-snapshots/master/lts/18/28.yaml
